// !$*UTF8*$!
{
	archiveVersion = 1;
	classes = {
	};
	objectVersion = 50;
	objects = {

/* Begin PBXBuildFile section */
		DADF9296285BB99B005F4586 /* AppDelegate.swift in Sources */ = {isa = PBXBuildFile; fileRef = DADF9295285BB99B005F4586 /* AppDelegate.swift */; };
		DADF9298285BB99B005F4586 /* SceneDelegate.swift in Sources */ = {isa = PBXBuildFile; fileRef = DADF9297285BB99B005F4586 /* SceneDelegate.swift */; };
		DADF929A285BB99B005F4586 /* ContentView.swift in Sources */ = {isa = PBXBuildFile; fileRef = DADF9299285BB99B005F4586 /* ContentView.swift */; };
		DADF929C285BB99D005F4586 /* Assets.xcassets in Resources */ = {isa = PBXBuildFile; fileRef = DADF929B285BB99D005F4586 /* Assets.xcassets */; };
		DADF929F285BB99D005F4586 /* Preview Assets.xcassets in Resources */ = {isa = PBXBuildFile; fileRef = DADF929E285BB99D005F4586 /* Preview Assets.xcassets */; };
		DADF92A2285BB99D005F4586 /* LaunchScreen.storyboard in Resources */ = {isa = PBXBuildFile; fileRef = DADF92A0285BB99D005F4586 /* LaunchScreen.storyboard */; };
		DADF92AD285BB99E005F4586 /* BirthdaysTests.swift in Sources */ = {isa = PBXBuildFile; fileRef = DADF92AC285BB99E005F4586 /* BirthdaysTests.swift */; };
		DADF92B8285BB99E005F4586 /* BirthdaysUITests.swift in Sources */ = {isa = PBXBuildFile; fileRef = DADF92B7285BB99E005F4586 /* BirthdaysUITests.swift */; };
/* End PBXBuildFile section */

/* Begin PBXContainerItemProxy section */
		DADF92A9285BB99E005F4586 /* PBXContainerItemProxy */ = {
			isa = PBXContainerItemProxy;
			containerPortal = DADF928A285BB99A005F4586 /* Project object */;
			proxyType = 1;
			remoteGlobalIDString = DADF9291285BB99A005F4586;
			remoteInfo = Birthdays;
		};
		DADF92B4285BB99E005F4586 /* PBXContainerItemProxy */ = {
			isa = PBXContainerItemProxy;
			containerPortal = DADF928A285BB99A005F4586 /* Project object */;
			proxyType = 1;
			remoteGlobalIDString = DADF9291285BB99A005F4586;
			remoteInfo = Birthdays;
		};
/* End PBXContainerItemProxy section */

/* Begin PBXFileReference section */
		DADF9292285BB99B005F4586 /* Birthdays.app */ = {isa = PBXFileReference; explicitFileType = wrapper.application; includeInIndex = 0; path = Birthdays.app; sourceTree = BUILT_PRODUCTS_DIR; };
		DADF9295285BB99B005F4586 /* AppDelegate.swift */ = {isa = PBXFileReference; lastKnownFileType = sourcecode.swift; path = AppDelegate.swift; sourceTree = "<group>"; };
		DADF9297285BB99B005F4586 /* SceneDelegate.swift */ = {isa = PBXFileReference; lastKnownFileType = sourcecode.swift; path = SceneDelegate.swift; sourceTree = "<group>"; };
		DADF9299285BB99B005F4586 /* ContentView.swift */ = {isa = PBXFileReference; lastKnownFileType = sourcecode.swift; path = ContentView.swift; sourceTree = "<group>"; };
		DADF929B285BB99D005F4586 /* Assets.xcassets */ = {isa = PBXFileReference; lastKnownFileType = folder.assetcatalog; path = Assets.xcassets; sourceTree = "<group>"; };
		DADF929E285BB99D005F4586 /* Preview Assets.xcassets */ = {isa = PBXFileReference; lastKnownFileType = folder.assetcatalog; path = "Preview Assets.xcassets"; sourceTree = "<group>"; };
		DADF92A1285BB99D005F4586 /* Base */ = {isa = PBXFileReference; lastKnownFileType = file.storyboard; name = Base; path = Base.lproj/LaunchScreen.storyboard; sourceTree = "<group>"; };
		DADF92A3285BB99D005F4586 /* Info.plist */ = {isa = PBXFileReference; lastKnownFileType = text.plist.xml; path = Info.plist; sourceTree = "<group>"; };
		DADF92A8285BB99E005F4586 /* BirthdaysTests.xctest */ = {isa = PBXFileReference; explicitFileType = wrapper.cfbundle; includeInIndex = 0; path = BirthdaysTests.xctest; sourceTree = BUILT_PRODUCTS_DIR; };
		DADF92AC285BB99E005F4586 /* BirthdaysTests.swift */ = {isa = PBXFileReference; lastKnownFileType = sourcecode.swift; path = BirthdaysTests.swift; sourceTree = "<group>"; };
		DADF92AE285BB99E005F4586 /* Info.plist */ = {isa = PBXFileReference; lastKnownFileType = text.plist.xml; path = Info.plist; sourceTree = "<group>"; };
		DADF92B3285BB99E005F4586 /* BirthdaysUITests.xctest */ = {isa = PBXFileReference; explicitFileType = wrapper.cfbundle; includeInIndex = 0; path = BirthdaysUITests.xctest; sourceTree = BUILT_PRODUCTS_DIR; };
		DADF92B7285BB99E005F4586 /* BirthdaysUITests.swift */ = {isa = PBXFileReference; lastKnownFileType = sourcecode.swift; path = BirthdaysUITests.swift; sourceTree = "<group>"; };
		DADF92B9285BB99E005F4586 /* Info.plist */ = {isa = PBXFileReference; lastKnownFileType = text.plist.xml; path = Info.plist; sourceTree = "<group>"; };
/* End PBXFileReference section */

/* Begin PBXFrameworksBuildPhase section */
		DADF928F285BB99A005F4586 /* Frameworks */ = {
			isa = PBXFrameworksBuildPhase;
			buildActionMask = 2147483647;
			files = (
			);
			runOnlyForDeploymentPostprocessing = 0;
		};
		DADF92A5285BB99E005F4586 /* Frameworks */ = {
			isa = PBXFrameworksBuildPhase;
			buildActionMask = 2147483647;
			files = (
			);
			runOnlyForDeploymentPostprocessing = 0;
		};
		DADF92B0285BB99E005F4586 /* Frameworks */ = {
			isa = PBXFrameworksBuildPhase;
			buildActionMask = 2147483647;
			files = (
			);
			runOnlyForDeploymentPostprocessing = 0;
		};
/* End PBXFrameworksBuildPhase section */

/* Begin PBXGroup section */
		DADF9289285BB99A005F4586 = {
			isa = PBXGroup;
			children = (
				DADF9294285BB99B005F4586 /* Birthdays */,
				DADF92AB285BB99E005F4586 /* BirthdaysTests */,
				DADF92B6285BB99E005F4586 /* BirthdaysUITests */,
				DADF9293285BB99B005F4586 /* Products */,
			);
			sourceTree = "<group>";
		};
		DADF9293285BB99B005F4586 /* Products */ = {
			isa = PBXGroup;
			children = (
				DADF9292285BB99B005F4586 /* Birthdays.app */,
				DADF92A8285BB99E005F4586 /* BirthdaysTests.xctest */,
				DADF92B3285BB99E005F4586 /* BirthdaysUITests.xctest */,
			);
			name = Products;
			sourceTree = "<group>";
		};
		DADF9294285BB99B005F4586 /* Birthdays */ = {
			isa = PBXGroup;
			children = (
				DADF9295285BB99B005F4586 /* AppDelegate.swift */,
				DADF9297285BB99B005F4586 /* SceneDelegate.swift */,
				DADF9299285BB99B005F4586 /* ContentView.swift */,
				DADF929B285BB99D005F4586 /* Assets.xcassets */,
				DADF92A0285BB99D005F4586 /* LaunchScreen.storyboard */,
				DADF92A3285BB99D005F4586 /* Info.plist */,
				DADF929D285BB99D005F4586 /* Preview Content */,
			);
			path = Birthdays;
			sourceTree = "<group>";
		};
		DADF929D285BB99D005F4586 /* Preview Content */ = {
			isa = PBXGroup;
			children = (
				DADF929E285BB99D005F4586 /* Preview Assets.xcassets */,
			);
			path = "Preview Content";
			sourceTree = "<group>";
		};
		DADF92AB285BB99E005F4586 /* BirthdaysTests */ = {
			isa = PBXGroup;
			children = (
				DADF92AC285BB99E005F4586 /* BirthdaysTests.swift */,
				DADF92AE285BB99E005F4586 /* Info.plist */,
			);
			path = BirthdaysTests;
			sourceTree = "<group>";
		};
		DADF92B6285BB99E005F4586 /* BirthdaysUITests */ = {
			isa = PBXGroup;
			children = (
				DADF92B7285BB99E005F4586 /* BirthdaysUITests.swift */,
				DADF92B9285BB99E005F4586 /* Info.plist */,
			);
			path = BirthdaysUITests;
			sourceTree = "<group>";
		};
/* End PBXGroup section */

/* Begin PBXNativeTarget section */
		DADF9291285BB99A005F4586 /* Birthdays */ = {
			isa = PBXNativeTarget;
			buildConfigurationList = DADF92BC285BB99E005F4586 /* Build configuration list for PBXNativeTarget "Birthdays" */;
			buildPhases = (
				DADF928E285BB99A005F4586 /* Sources */,
				DADF928F285BB99A005F4586 /* Frameworks */,
				DADF9290285BB99A005F4586 /* Resources */,
			);
			buildRules = (
			);
			dependencies = (
			);
			name = Birthdays;
			productName = Birthdays;
			productReference = DADF9292285BB99B005F4586 /* Birthdays.app */;
			productType = "com.apple.product-type.application";
		};
		DADF92A7285BB99E005F4586 /* BirthdaysTests */ = {
			isa = PBXNativeTarget;
			buildConfigurationList = DADF92BF285BB99E005F4586 /* Build configuration list for PBXNativeTarget "BirthdaysTests" */;
			buildPhases = (
				DADF92A4285BB99E005F4586 /* Sources */,
				DADF92A5285BB99E005F4586 /* Frameworks */,
				DADF92A6285BB99E005F4586 /* Resources */,
			);
			buildRules = (
			);
			dependencies = (
				DADF92AA285BB99E005F4586 /* PBXTargetDependency */,
			);
			name = BirthdaysTests;
			productName = BirthdaysTests;
			productReference = DADF92A8285BB99E005F4586 /* BirthdaysTests.xctest */;
			productType = "com.apple.product-type.bundle.unit-test";
		};
		DADF92B2285BB99E005F4586 /* BirthdaysUITests */ = {
			isa = PBXNativeTarget;
			buildConfigurationList = DADF92C2285BB99E005F4586 /* Build configuration list for PBXNativeTarget "BirthdaysUITests" */;
			buildPhases = (
				DADF92AF285BB99E005F4586 /* Sources */,
				DADF92B0285BB99E005F4586 /* Frameworks */,
				DADF92B1285BB99E005F4586 /* Resources */,
			);
			buildRules = (
			);
			dependencies = (
				DADF92B5285BB99E005F4586 /* PBXTargetDependency */,
			);
			name = BirthdaysUITests;
			productName = BirthdaysUITests;
			productReference = DADF92B3285BB99E005F4586 /* BirthdaysUITests.xctest */;
			productType = "com.apple.product-type.bundle.ui-testing";
		};
/* End PBXNativeTarget section */

/* Begin PBXProject section */
		DADF928A285BB99A005F4586 /* Project object */ = {
			isa = PBXProject;
			attributes = {
				LastSwiftUpdateCheck = 1250;
				LastUpgradeCheck = 1250;
				TargetAttributes = {
					DADF9291285BB99A005F4586 = {
						CreatedOnToolsVersion = 12.5.1;
					};
					DADF92A7285BB99E005F4586 = {
						CreatedOnToolsVersion = 12.5.1;
						TestTargetID = DADF9291285BB99A005F4586;
					};
					DADF92B2285BB99E005F4586 = {
						CreatedOnToolsVersion = 12.5.1;
						TestTargetID = DADF9291285BB99A005F4586;
					};
				};
			};
			buildConfigurationList = DADF928D285BB99A005F4586 /* Build configuration list for PBXProject "Birthdays" */;
			compatibilityVersion = "Xcode 9.3";
			developmentRegion = en;
			hasScannedForEncodings = 0;
			knownRegions = (
				en,
				Base,
			);
			mainGroup = DADF9289285BB99A005F4586;
			productRefGroup = DADF9293285BB99B005F4586 /* Products */;
			projectDirPath = "";
			projectRoot = "";
			targets = (
				DADF9291285BB99A005F4586 /* Birthdays */,
				DADF92A7285BB99E005F4586 /* BirthdaysTests */,
				DADF92B2285BB99E005F4586 /* BirthdaysUITests */,
			);
		};
/* End PBXProject section */

/* Begin PBXResourcesBuildPhase section */
		DADF9290285BB99A005F4586 /* Resources */ = {
			isa = PBXResourcesBuildPhase;
			buildActionMask = 2147483647;
			files = (
				DADF92A2285BB99D005F4586 /* LaunchScreen.storyboard in Resources */,
				DADF929F285BB99D005F4586 /* Preview Assets.xcassets in Resources */,
				DADF929C285BB99D005F4586 /* Assets.xcassets in Resources */,
			);
			runOnlyForDeploymentPostprocessing = 0;
		};
		DADF92A6285BB99E005F4586 /* Resources */ = {
			isa = PBXResourcesBuildPhase;
			buildActionMask = 2147483647;
			files = (
			);
			runOnlyForDeploymentPostprocessing = 0;
		};
		DADF92B1285BB99E005F4586 /* Resources */ = {
			isa = PBXResourcesBuildPhase;
			buildActionMask = 2147483647;
			files = (
			);
			runOnlyForDeploymentPostprocessing = 0;
		};
/* End PBXResourcesBuildPhase section */

/* Begin PBXSourcesBuildPhase section */
		DADF928E285BB99A005F4586 /* Sources */ = {
			isa = PBXSourcesBuildPhase;
			buildActionMask = 2147483647;
			files = (
				DADF9296285BB99B005F4586 /* AppDelegate.swift in Sources */,
				DADF9298285BB99B005F4586 /* SceneDelegate.swift in Sources */,
				DADF929A285BB99B005F4586 /* ContentView.swift in Sources */,
			);
			runOnlyForDeploymentPostprocessing = 0;
		};
		DADF92A4285BB99E005F4586 /* Sources */ = {
			isa = PBXSourcesBuildPhase;
			buildActionMask = 2147483647;
			files = (
				DADF92AD285BB99E005F4586 /* BirthdaysTests.swift in Sources */,
			);
			runOnlyForDeploymentPostprocessing = 0;
		};
		DADF92AF285BB99E005F4586 /* Sources */ = {
			isa = PBXSourcesBuildPhase;
			buildActionMask = 2147483647;
			files = (
				DADF92B8285BB99E005F4586 /* BirthdaysUITests.swift in Sources */,
			);
			runOnlyForDeploymentPostprocessing = 0;
		};
/* End PBXSourcesBuildPhase section */

/* Begin PBXTargetDependency section */
		DADF92AA285BB99E005F4586 /* PBXTargetDependency */ = {
			isa = PBXTargetDependency;
			target = DADF9291285BB99A005F4586 /* Birthdays */;
			targetProxy = DADF92A9285BB99E005F4586 /* PBXContainerItemProxy */;
		};
		DADF92B5285BB99E005F4586 /* PBXTargetDependency */ = {
			isa = PBXTargetDependency;
			target = DADF9291285BB99A005F4586 /* Birthdays */;
			targetProxy = DADF92B4285BB99E005F4586 /* PBXContainerItemProxy */;
		};
/* End PBXTargetDependency section */

/* Begin PBXVariantGroup section */
		DADF92A0285BB99D005F4586 /* LaunchScreen.storyboard */ = {
			isa = PBXVariantGroup;
			children = (
				DADF92A1285BB99D005F4586 /* Base */,
			);
			name = LaunchScreen.storyboard;
			sourceTree = "<group>";
		};
/* End PBXVariantGroup section */

/* Begin XCBuildConfiguration section */
		DADF92BA285BB99E005F4586 /* Debug */ = {
			isa = XCBuildConfiguration;
			buildSettings = {
				ALWAYS_SEARCH_USER_PATHS = NO;
				CLANG_ANALYZER_NONNULL = YES;
				CLANG_ANALYZER_NUMBER_OBJECT_CONVERSION = YES_AGGRESSIVE;
				CLANG_CXX_LANGUAGE_STANDARD = "gnu++14";
				CLANG_CXX_LIBRARY = "libc++";
				CLANG_ENABLE_MODULES = YES;
				CLANG_ENABLE_OBJC_ARC = YES;
				CLANG_ENABLE_OBJC_WEAK = YES;
				CLANG_WARN_BLOCK_CAPTURE_AUTORELEASING = YES;
				CLANG_WARN_BOOL_CONVERSION = YES;
				CLANG_WARN_COMMA = YES;
				CLANG_WARN_CONSTANT_CONVERSION = YES;
				CLANG_WARN_DEPRECATED_OBJC_IMPLEMENTATIONS = YES;
				CLANG_WARN_DIRECT_OBJC_ISA_USAGE = YES_ERROR;
				CLANG_WARN_DOCUMENTATION_COMMENTS = YES;
				CLANG_WARN_EMPTY_BODY = YES;
				CLANG_WARN_ENUM_CONVERSION = YES;
				CLANG_WARN_INFINITE_RECURSION = YES;
				CLANG_WARN_INT_CONVERSION = YES;
				CLANG_WARN_NON_LITERAL_NULL_CONVERSION = YES;
				CLANG_WARN_OBJC_IMPLICIT_RETAIN_SELF = YES;
				CLANG_WARN_OBJC_LITERAL_CONVERSION = YES;
				CLANG_WARN_OBJC_ROOT_CLASS = YES_ERROR;
				CLANG_WARN_QUOTED_INCLUDE_IN_FRAMEWORK_HEADER = YES;
				CLANG_WARN_RANGE_LOOP_ANALYSIS = YES;
				CLANG_WARN_STRICT_PROTOTYPES = YES;
				CLANG_WARN_SUSPICIOUS_MOVE = YES;
				CLANG_WARN_UNGUARDED_AVAILABILITY = YES_AGGRESSIVE;
				CLANG_WARN_UNREACHABLE_CODE = YES;
				CLANG_WARN__DUPLICATE_METHOD_MATCH = YES;
				COPY_PHASE_STRIP = NO;
				DEBUG_INFORMATION_FORMAT = dwarf;
				ENABLE_STRICT_OBJC_MSGSEND = YES;
				ENABLE_TESTABILITY = YES;
				GCC_C_LANGUAGE_STANDARD = gnu11;
				GCC_DYNAMIC_NO_PIC = NO;
				GCC_NO_COMMON_BLOCKS = YES;
				GCC_OPTIMIZATION_LEVEL = 0;
				GCC_PREPROCESSOR_DEFINITIONS = (
					"DEBUG=1",
					"$(inherited)",
				);
				GCC_WARN_64_TO_32_BIT_CONVERSION = YES;
				GCC_WARN_ABOUT_RETURN_TYPE = YES_ERROR;
				GCC_WARN_UNDECLARED_SELECTOR = YES;
				GCC_WARN_UNINITIALIZED_AUTOS = YES_AGGRESSIVE;
				GCC_WARN_UNUSED_FUNCTION = YES;
				GCC_WARN_UNUSED_VARIABLE = YES;
				IPHONEOS_DEPLOYMENT_TARGET = 14.5;
				MTL_ENABLE_DEBUG_INFO = INCLUDE_SOURCE;
				MTL_FAST_MATH = YES;
				ONLY_ACTIVE_ARCH = YES;
				SDKROOT = iphoneos;
				SWIFT_ACTIVE_COMPILATION_CONDITIONS = DEBUG;
				SWIFT_OPTIMIZATION_LEVEL = "-Onone";
			};
			name = Debug;
		};
		DADF92BB285BB99E005F4586 /* Release */ = {
			isa = XCBuildConfiguration;
			buildSettings = {
				ALWAYS_SEARCH_USER_PATHS = NO;
				CLANG_ANALYZER_NONNULL = YES;
				CLANG_ANALYZER_NUMBER_OBJECT_CONVERSION = YES_AGGRESSIVE;
				CLANG_CXX_LANGUAGE_STANDARD = "gnu++14";
				CLANG_CXX_LIBRARY = "libc++";
				CLANG_ENABLE_MODULES = YES;
				CLANG_ENABLE_OBJC_ARC = YES;
				CLANG_ENABLE_OBJC_WEAK = YES;
				CLANG_WARN_BLOCK_CAPTURE_AUTORELEASING = YES;
				CLANG_WARN_BOOL_CONVERSION = YES;
				CLANG_WARN_COMMA = YES;
				CLANG_WARN_CONSTANT_CONVERSION = YES;
				CLANG_WARN_DEPRECATED_OBJC_IMPLEMENTATIONS = YES;
				CLANG_WARN_DIRECT_OBJC_ISA_USAGE = YES_ERROR;
				CLANG_WARN_DOCUMENTATION_COMMENTS = YES;
				CLANG_WARN_EMPTY_BODY = YES;
				CLANG_WARN_ENUM_CONVERSION = YES;
				CLANG_WARN_INFINITE_RECURSION = YES;
				CLANG_WARN_INT_CONVERSION = YES;
				CLANG_WARN_NON_LITERAL_NULL_CONVERSION = YES;
				CLANG_WARN_OBJC_IMPLICIT_RETAIN_SELF = YES;
				CLANG_WARN_OBJC_LITERAL_CONVERSION = YES;
				CLANG_WARN_OBJC_ROOT_CLASS = YES_ERROR;
				CLANG_WARN_QUOTED_INCLUDE_IN_FRAMEWORK_HEADER = YES;
				CLANG_WARN_RANGE_LOOP_ANALYSIS = YES;
				CLANG_WARN_STRICT_PROTOTYPES = YES;
				CLANG_WARN_SUSPICIOUS_MOVE = YES;
				CLANG_WARN_UNGUARDED_AVAILABILITY = YES_AGGRESSIVE;
				CLANG_WARN_UNREACHABLE_CODE = YES;
				CLANG_WARN__DUPLICATE_METHOD_MATCH = YES;
				COPY_PHASE_STRIP = NO;
				DEBUG_INFORMATION_FORMAT = "dwarf-with-dsym";
				ENABLE_NS_ASSERTIONS = NO;
				ENABLE_STRICT_OBJC_MSGSEND = YES;
				GCC_C_LANGUAGE_STANDARD = gnu11;
				GCC_NO_COMMON_BLOCKS = YES;
				GCC_WARN_64_TO_32_BIT_CONVERSION = YES;
				GCC_WARN_ABOUT_RETURN_TYPE = YES_ERROR;
				GCC_WARN_UNDECLARED_SELECTOR = YES;
				GCC_WARN_UNINITIALIZED_AUTOS = YES_AGGRESSIVE;
				GCC_WARN_UNUSED_FUNCTION = YES;
				GCC_WARN_UNUSED_VARIABLE = YES;
				IPHONEOS_DEPLOYMENT_TARGET = 14.5;
				MTL_ENABLE_DEBUG_INFO = NO;
				MTL_FAST_MATH = YES;
				SDKROOT = iphoneos;
				SWIFT_COMPILATION_MODE = wholemodule;
				SWIFT_OPTIMIZATION_LEVEL = "-O";
				VALIDATE_PRODUCT = YES;
			};
			name = Release;
		};
		DADF92BD285BB99E005F4586 /* Debug */ = {
			isa = XCBuildConfiguration;
			buildSettings = {
				ASSETCATALOG_COMPILER_APPICON_NAME = AppIcon;
				ASSETCATALOG_COMPILER_GLOBAL_ACCENT_COLOR_NAME = AccentColor;
				CODE_SIGN_STYLE = Automatic;
				DEVELOPMENT_ASSET_PATHS = "\"Birthdays/Preview Content\"";
				DEVELOPMENT_TEAM = BBAV4X378Q;
				ENABLE_PREVIEWS = YES;
				INFOPLIST_FILE = Birthdays/Info.plist;
				IPHONEOS_DEPLOYMENT_TARGET = 14.5;
				LD_RUNPATH_SEARCH_PATHS = (
					"$(inherited)",
					"@executable_path/Frameworks",
				);
				PRODUCT_BUNDLE_IDENTIFIER = com.Adit.Birthdays;
				PRODUCT_NAME = "$(TARGET_NAME)";
				SWIFT_VERSION = 5.0;
				TARGETED_DEVICE_FAMILY = 1;
			};
			name = Debug;
		};
		DADF92BE285BB99E005F4586 /* Release */ = {
			isa = XCBuildConfiguration;
			buildSettings = {
				ASSETCATALOG_COMPILER_APPICON_NAME = AppIcon;
				ASSETCATALOG_COMPILER_GLOBAL_ACCENT_COLOR_NAME = AccentColor;
				CODE_SIGN_STYLE = Automatic;
				DEVELOPMENT_ASSET_PATHS = "\"Birthdays/Preview Content\"";
				DEVELOPMENT_TEAM = BBAV4X378Q;
				ENABLE_PREVIEWS = YES;
				INFOPLIST_FILE = Birthdays/Info.plist;
				IPHONEOS_DEPLOYMENT_TARGET = 14.5;
				LD_RUNPATH_SEARCH_PATHS = (
					"$(inherited)",
					"@executable_path/Frameworks",
				);
				PRODUCT_BUNDLE_IDENTIFIER = com.Adit.Birthdays;
				PRODUCT_NAME = "$(TARGET_NAME)";
				SWIFT_VERSION = 5.0;
				TARGETED_DEVICE_FAMILY = 1;
			};
			name = Release;
		};
		DADF92C0285BB99E005F4586 /* Debug */ = {
			isa = XCBuildConfiguration;
			buildSettings = {
				ALWAYS_EMBED_SWIFT_STANDARD_LIBRARIES = YES;
				BUNDLE_LOADER = "$(TEST_HOST)";
				CODE_SIGN_STYLE = Automatic;
				DEVELOPMENT_TEAM = BBAV4X378Q;
				INFOPLIST_FILE = BirthdaysTests/Info.plist;
				IPHONEOS_DEPLOYMENT_TARGET = 14.5;
				LD_RUNPATH_SEARCH_PATHS = (
					"$(inherited)",
					"@executable_path/Frameworks",
					"@loader_path/Frameworks",
				);
				PRODUCT_BUNDLE_IDENTIFIER = com.Adit.BirthdaysTests;
				PRODUCT_NAME = "$(TARGET_NAME)";
				SWIFT_VERSION = 5.0;
				TARGETED_DEVICE_FAMILY = "1,2";
				TEST_HOST = "$(BUILT_PRODUCTS_DIR)/Birthdays.app/Birthdays";
			};
			name = Debug;
		};
		DADF92C1285BB99E005F4586 /* Release */ = {
			isa = XCBuildConfiguration;
			buildSettings = {
				ALWAYS_EMBED_SWIFT_STANDARD_LIBRARIES = YES;
				BUNDLE_LOADER = "$(TEST_HOST)";
				CODE_SIGN_STYLE = Automatic;
				DEVELOPMENT_TEAM = BBAV4X378Q;
				INFOPLIST_FILE = BirthdaysTests/Info.plist;
				IPHONEOS_DEPLOYMENT_TARGET = 14.5;
				LD_RUNPATH_SEARCH_PATHS = (
					"$(inherited)",
					"@executable_path/Frameworks",
					"@loader_path/Frameworks",
				);
				PRODUCT_BUNDLE_IDENTIFIER = com.Adit.BirthdaysTests;
				PRODUCT_NAME = "$(TARGET_NAME)";
				SWIFT_VERSION = 5.0;
				TARGETED_DEVICE_FAMILY = "1,2";
				TEST_HOST = "$(BUILT_PRODUCTS_DIR)/Birthdays.app/Birthdays";
			};
			name = Release;
		};
		DADF92C3285BB99E005F4586 /* Debug */ = {
			isa = XCBuildConfiguration;
			buildSettings = {
				ALWAYS_EMBED_SWIFT_STANDARD_LIBRARIES = YES;
				CODE_SIGN_STYLE = Automatic;
				DEVELOPMENT_TEAM = BBAV4X378Q;
				INFOPLIST_FILE = BirthdaysUITests/Info.plist;
				LD_RUNPATH_SEARCH_PATHS = (
					"$(inherited)",
					"@executable_path/Frameworks",
					"@loader_path/Frameworks",
				);
				PRODUCT_BUNDLE_IDENTIFIER = com.Adit.BirthdaysUITests;
				PRODUCT_NAME = "$(TARGET_NAME)";
				SWIFT_VERSION = 5.0;
				TARGETED_DEVICE_FAMILY = "1,2";
				TEST_TARGET_NAME = Birthdays;
			};
			name = Debug;
		};
		DADF92C4285BB99E005F4586 /* Release */ = {
			isa = XCBuildConfiguration;
			buildSettings = {
				ALWAYS_EMBED_SWIFT_STANDARD_LIBRARIES = YES;
				CODE_SIGN_STYLE = Automatic;
				DEVELOPMENT_TEAM = BBAV4X378Q;
				INFOPLIST_FILE = BirthdaysUITests/Info.plist;
				LD_RUNPATH_SEARCH_PATHS = (
					"$(inherited)",
					"@executable_path/Frameworks",
					"@loader_path/Frameworks",
				);
				PRODUCT_BUNDLE_IDENTIFIER = com.Adit.BirthdaysUITests;
				PRODUCT_NAME = "$(TARGET_NAME)";
				SWIFT_VERSION = 5.0;
				TARGETED_DEVICE_FAMILY = "1,2";
				TEST_TARGET_NAME = Birthdays;
			};
			name = Release;
		};
/* End XCBuildConfiguration section */

/* Begin XCConfigurationList section */
		DADF928D285BB99A005F4586 /* Build configuration list for PBXProject "Birthdays" */ = {
			isa = XCConfigurationList;
			buildConfigurations = (
				DADF92BA285BB99E005F4586 /* Debug */,
				DADF92BB285BB99E005F4586 /* Release */,
			);
			defaultConfigurationIsVisible = 0;
			defaultConfigurationName = Release;
		};
		DADF92BC285BB99E005F4586 /* Build configuration list for PBXNativeTarget "Birthdays" */ = {
			isa = XCConfigurationList;
			buildConfigurations = (
				DADF92BD285BB99E005F4586 /* Debug */,
				DADF92BE285BB99E005F4586 /* Release */,
			);
			defaultConfigurationIsVisible = 0;
			defaultConfigurationName = Release;
		};
		DADF92BF285BB99E005F4586 /* Build configuration list for PBXNativeTarget "BirthdaysTests" */ = {
			isa = XCConfigurationList;
			buildConfigurations = (
				DADF92C0285BB99E005F4586 /* Debug */,
				DADF92C1285BB99E005F4586 /* Release */,
			);
			defaultConfigurationIsVisible = 0;
			defaultConfigurationName = Release;
		};
		DADF92C2285BB99E005F4586 /* Build configuration list for PBXNativeTarget "BirthdaysUITests" */ = {
			isa = XCConfigurationList;
			buildConfigurations = (
				DADF92C3285BB99E005F4586 /* Debug */,
				DADF92C4285BB99E005F4586 /* Release */,
			);
			defaultConfigurationIsVisible = 0;
			defaultConfigurationName = Release;
		};
/* End XCConfigurationList section */
	};
	rootObject = DADF928A285BB99A005F4586 /* Project object */;
}
